
Microsoft Visual Studio Solution File, Format Version 12.00
Project("{FAE04EC0-301F-11D3-BF4B-00C04F79EFBC}") = "FeedService", "FeedService.csproj", "{84D7ED5F-52F0-407A-B699-0EA57563919A}"
EndProject
Global
	GlobalSection(SolutionConfigurationPlatforms) = preSolution
		Debug|Any CPU = Debug|Any CPU
		Release|Any CPU = Release|Any CPU
	EndGlobalSection
	GlobalSection(ProjectConfigurationPlatforms) = postSolution
		{84D7ED5F-52F0-407A-B699-0EA57563919A}.Debug|Any CPU.ActiveCfg = Debug|Any CPU
		{84D7ED5F-52F0-407A-B699-0EA57563919A}.Debug|Any CPU.Build.0 = Debug|Any CPU
		{84D7ED5F-52F0-407A-B699-0EA57563919A}.Release|Any CPU.ActiveCfg = Release|Any CPU
		{84D7ED5F-52F0-407A-B699-0EA57563919A}.Release|Any CPU.Build.0 = Release|Any CPU
	EndGlobalSection
EndGlobal
